
Microsoft Visual Studio Solution File, Format Version 12.00
# Visual Studio Version 17
VisualStudioVersion = 17.1.32407.343
MinimumVisualStudioVersion = 10.0.40219.1
Project("{2150E333-8FDC-42A3-9474-1A3956D46DE8}") = "src", "src", "{4CA1EB3E-AF54-440A-A247-B73F5487D18A}"
EndProject
Project("{2150E333-8FDC-42A3-9474-1A3956D46DE8}") = "tests", "tests", "{447AACDF-5889-4303-9984-D2560D45040F}"
EndProject
Project("{2150E333-8FDC-42A3-9474-1A3956D46DE8}") = "Solution Items", "Solution Items", "{D458B228-E810-4554-B8CB-48642887C610}"
	ProjectSection(SolutionItems) = preProject
		.editorconfig = .editorconfig
		.gitignore = .gitignore
		LICENSE = LICENSE
		README.md = README.md
	EndProjectSection
EndProject
Project("{9A19103F-16F7-4668-BE54-9A1E7A4F7556}") = "Jungle.Shield", "src\Jungle.Shield\Jungle.Shield.csproj", "{9FE72876-77DA-4B9E-8E9F-7E550D23B1C6}"
EndProject
Project("{FAE04EC0-301F-11D3-BF4B-00C04F79EFBC}") = "Jungle.Shield.Tests", "tests\Jungle.Shield.Tests\Jungle.Shield.Tests.csproj", "{DF4E0C3C-548C-4540-82CD-DA8F0FF82FA0}"
EndProject
Global
	GlobalSection(SolutionConfigurationPlatforms) = preSolution
		Debug|Any CPU = Debug|Any CPU
		Release|Any CPU = Release|Any CPU
	EndGlobalSection
	GlobalSection(ProjectConfigurationPlatforms) = postSolution
		{9FE72876-77DA-4B9E-8E9F-7E550D23B1C6}.Debug|Any CPU.ActiveCfg = Debug|Any CPU
		{9FE72876-77DA-4B9E-8E9F-7E550D23B1C6}.Debug|Any CPU.Build.0 = Debug|Any CPU
		{9FE72876-77DA-4B9E-8E9F-7E550D23B1C6}.Release|Any CPU.ActiveCfg = Release|Any CPU
		{9FE72876-77DA-4B9E-8E9F-7E550D23B1C6}.Release|Any CPU.Build.0 = Release|Any CPU
		{DF4E0C3C-548C-4540-82CD-DA8F0FF82FA0}.Debug|Any CPU.ActiveCfg = Debug|Any CPU
		{DF4E0C3C-548C-4540-82CD-DA8F0FF82FA0}.Debug|Any CPU.Build.0 = Debug|Any CPU
		{DF4E0C3C-548C-4540-82CD-DA8F0FF82FA0}.Release|Any CPU.ActiveCfg = Release|Any CPU
		{DF4E0C3C-548C-4540-82CD-DA8F0FF82FA0}.Release|Any CPU.Build.0 = Release|Any CPU
	EndGlobalSection
	GlobalSection(SolutionProperties) = preSolution
		HideSolutionNode = FALSE
	EndGlobalSection
	GlobalSection(NestedProjects) = preSolution
		{9FE72876-77DA-4B9E-8E9F-7E550D23B1C6} = {4CA1EB3E-AF54-440A-A247-B73F5487D18A}
		{DF4E0C3C-548C-4540-82CD-DA8F0FF82FA0} = {447AACDF-5889-4303-9984-D2560D45040F}
	EndGlobalSection
	GlobalSection(ExtensibilityGlobals) = postSolution
		SolutionGuid = {9D30A2BA-0BDC-4C4F-9A65-240B6FFF8F9C}
	EndGlobalSection
EndGlobal
